
Microsoft Visual Studio Solution File, Format Version 12.00
# Visual Studio Version 17
VisualStudioVersion = 17.10.35027.167
MinimumVisualStudioVersion = 10.0.40219.1
Project("{FAE04EC0-301F-11D3-BF4B-00C04F79EFBC}") = "WebAPI", "WebAPI\WebAPI.csproj", "{B362752D-C1FF-466F-895A-323F2A9DA7D8}"
EndProject
Project("{FAE04EC0-301F-11D3-BF4B-00C04F79EFBC}") = "WebAuthority", "WebAuthority\WebAuthority.csproj", "{1A024938-32D0-480F-AA93-6E5699DFDE18}"
EndProject
Global
	GlobalSection(SolutionConfigurationPlatforms) = preSolution
		Debug|Any CPU = Debug|Any CPU
		Release|Any CPU = Release|Any CPU
	EndGlobalSection
	GlobalSection(ProjectConfigurationPlatforms) = postSolution
		{B362752D-C1FF-466F-895A-323F2A9DA7D8}.Debug|Any CPU.ActiveCfg = Debug|Any CPU
		{B362752D-C1FF-466F-895A-323F2A9DA7D8}.Debug|Any CPU.Build.0 = Debug|Any CPU
		{B362752D-C1FF-466F-895A-323F2A9DA7D8}.Release|Any CPU.ActiveCfg = Release|Any CPU
		{B362752D-C1FF-466F-895A-323F2A9DA7D8}.Release|Any CPU.Build.0 = Release|Any CPU
		{1A024938-32D0-480F-AA93-6E5699DFDE18}.Debug|Any CPU.ActiveCfg = Debug|Any CPU
		{1A024938-32D0-480F-AA93-6E5699DFDE18}.Debug|Any CPU.Build.0 = Debug|Any CPU
		{1A024938-32D0-480F-AA93-6E5699DFDE18}.Release|Any CPU.ActiveCfg = Release|Any CPU
		{1A024938-32D0-480F-AA93-6E5699DFDE18}.Release|Any CPU.Build.0 = Release|Any CPU
	EndGlobalSection
	GlobalSection(SolutionProperties) = preSolution
		HideSolutionNode = FALSE
	EndGlobalSection
	GlobalSection(ExtensibilityGlobals) = postSolution
		SolutionGuid = {3E0618E1-74D5-4DDB-BEA9-F3A0E201BC20}
	EndGlobalSection
EndGlobal
